
Microsoft Visual Studio Solution File, Format Version 12.00
# Visual Studio 15
VisualStudioVersion = 15.0.28307.136
MinimumVisualStudioVersion = 10.0.40219.1
Project("{FAE04EC0-301F-11D3-BF4B-00C04F79EFBC}") = "Mathml", "Mathml\Mathml.csproj", "{B29CE599-CB98-4427-A254-A8B8C52C1B30}"
EndProject
Project("{9A19103F-16F7-4668-BE54-9A1E7A4F7556}") = "MathmlTest", "MathmlTest\MathmlTest.csproj", "{418A8121-6A15-440F-BF0A-A7A3E91ACEF9}"
EndProject
Global
	GlobalSection(SolutionConfigurationPlatforms) = preSolution
		Debug|Any CPU = Debug|Any CPU
		Release|Any CPU = Release|Any CPU
	EndGlobalSection
	GlobalSection(ProjectConfigurationPlatforms) = postSolution
		{B29CE599-CB98-4427-A254-A8B8C52C1B30}.Debug|Any CPU.ActiveCfg = Debug|Any CPU
		{B29CE599-CB98-4427-A254-A8B8C52C1B30}.Debug|Any CPU.Build.0 = Debug|Any CPU
		{B29CE599-CB98-4427-A254-A8B8C52C1B30}.Release|Any CPU.ActiveCfg = Release|Any CPU
		{B29CE599-CB98-4427-A254-A8B8C52C1B30}.Release|Any CPU.Build.0 = Release|Any CPU
		{418A8121-6A15-440F-BF0A-A7A3E91ACEF9}.Debug|Any CPU.ActiveCfg = Debug|Any CPU
		{418A8121-6A15-440F-BF0A-A7A3E91ACEF9}.Debug|Any CPU.Build.0 = Debug|Any CPU
		{418A8121-6A15-440F-BF0A-A7A3E91ACEF9}.Release|Any CPU.ActiveCfg = Release|Any CPU
		{418A8121-6A15-440F-BF0A-A7A3E91ACEF9}.Release|Any CPU.Build.0 = Release|Any CPU
	EndGlobalSection
	GlobalSection(SolutionProperties) = preSolution
		HideSolutionNode = FALSE
	EndGlobalSection
	GlobalSection(ExtensibilityGlobals) = postSolution
		SolutionGuid = {A3B3230C-9976-4154-8A25-E1E49B75C15E}
	EndGlobalSection
EndGlobal
